
Microsoft Visual Studio Solution File, Format Version 12.00
# Visual Studio 15
VisualStudioVersion = 15.0.26730.15
MinimumVisualStudioVersion = 10.0.40219.1
Project("{FAE04EC0-301F-11D3-BF4B-00C04F79EFBC}") = "NinJaDomain", "NinJaDomain\NinJaDomain.csproj", "{20216AE3-DA33-4310-8411-151002C11353}"
EndProject
Project("{FAE04EC0-301F-11D3-BF4B-00C04F79EFBC}") = "NinjaDataAccess", "NinjaDataAccess\NinjaDataAccess.csproj", "{7464B64F-EAD9-4D22-A583-A1046526C5E0}"
EndProject
Project("{FAE04EC0-301F-11D3-BF4B-00C04F79EFBC}") = "UIConsole", "UIConsole\UIConsole.csproj", "{99E591AA-9763-4E42-BC6D-B5B149F16736}"
EndProject
Global
	GlobalSection(SolutionConfigurationPlatforms) = preSolution
		Debug|Any CPU = Debug|Any CPU
		Release|Any CPU = Release|Any CPU
	EndGlobalSection
	GlobalSection(ProjectConfigurationPlatforms) = postSolution
		{20216AE3-DA33-4310-8411-151002C11353}.Debug|Any CPU.ActiveCfg = Debug|Any CPU
		{20216AE3-DA33-4310-8411-151002C11353}.Debug|Any CPU.Build.0 = Debug|Any CPU
		{20216AE3-DA33-4310-8411-151002C11353}.Release|Any CPU.ActiveCfg = Release|Any CPU
		{20216AE3-DA33-4310-8411-151002C11353}.Release|Any CPU.Build.0 = Release|Any CPU
		{7464B64F-EAD9-4D22-A583-A1046526C5E0}.Debug|Any CPU.ActiveCfg = Debug|Any CPU
		{7464B64F-EAD9-4D22-A583-A1046526C5E0}.Debug|Any CPU.Build.0 = Debug|Any CPU
		{7464B64F-EAD9-4D22-A583-A1046526C5E0}.Release|Any CPU.ActiveCfg = Release|Any CPU
		{7464B64F-EAD9-4D22-A583-A1046526C5E0}.Release|Any CPU.Build.0 = Release|Any CPU
		{99E591AA-9763-4E42-BC6D-B5B149F16736}.Debug|Any CPU.ActiveCfg = Debug|Any CPU
		{99E591AA-9763-4E42-BC6D-B5B149F16736}.Debug|Any CPU.Build.0 = Debug|Any CPU
		{99E591AA-9763-4E42-BC6D-B5B149F16736}.Release|Any CPU.ActiveCfg = Release|Any CPU
		{99E591AA-9763-4E42-BC6D-B5B149F16736}.Release|Any CPU.Build.0 = Release|Any CPU
	EndGlobalSection
	GlobalSection(SolutionProperties) = preSolution
		HideSolutionNode = FALSE
	EndGlobalSection
	GlobalSection(ExtensibilityGlobals) = postSolution
		SolutionGuid = {4C3D751B-19DC-47B6-88DC-E8FE7F342238}
	EndGlobalSection
EndGlobal
